{
  "name": "Site-principal",
  "lockfileVersion": 2,
  "requires": true,
  "packages": {
    "": {
      "dependencies": {
        "hyper-blink": "^1.1.2"
      }
    },
    "node_modules/hyper-blink": {
      "version": "1.1.2",
      "resolved": "https://registry.npmjs.org/hyper-blink/-/hyper-blink-1.1.2.tgz",
      "integrity": "sha512-tU5kPDHjz4Fo9RQCAd0iqyDkvRRv/0sss4boY52VJuy5azqCZTTCwsWvl6VdQuBROHm+5eyV3UA1KZyn/mP37g==",
      "dependencies": {
        "lodash.throttle": "^4.0.1"
      }
    },
    "node_modules/lodash.throttle": {
      "version": "4.1.1",
      "resolved": "https://registry.npmjs.org/lodash.throttle/-/lodash.throttle-4.1.1.tgz",
      "integrity": "sha512-wIkUCfVKpVsWo3JSZlc+8MB5it+2AN5W8J7YVMST30UrvcQNZ1Okbj+rbVniijTWE6FGYy4XJq/rHkas8qJMLQ=="
    }
  },
  "dependencies": {
    "hyper-blink": {
      "version": "1.1.2",
      "resolved": "https://registry.npmjs.org/hyper-blink/-/hyper-blink-1.1.2.tgz",
      "integrity": "sha512-tU5kPDHjz4Fo9RQCAd0iqyDkvRRv/0sss4boY52VJuy5azqCZTTCwsWvl6VdQuBROHm+5eyV3UA1KZyn/mP37g==",
      "requires": {
        "lodash.throttle": "^4.0.1"
      }
    },
    "lodash.throttle": {
      "version": "4.1.1",
      "resolved": "https://registry.npmjs.org/lodash.throttle/-/lodash.throttle-4.1.1.tgz",
      "integrity": "sha512-wIkUCfVKpVsWo3JSZlc+8MB5it+2AN5W8J7YVMST30UrvcQNZ1Okbj+rbVniijTWE6FGYy4XJq/rHkas8qJMLQ=="
    }
  }
}
